
Microsoft Visual Studio Solution File, Format Version 12.00
# Visual Studio Version 17
VisualStudioVersion = 17.2.32616.157
MinimumVisualStudioVersion = 10.0.40219.1
Project("{FAE04EC0-301F-11D3-BF4B-00C04F79EFBC}") = "Sessionstorageexample", "Sessionstorageexample\Sessionstorageexample.csproj", "{3A9663CA-28CA-4FFF-AC12-F9EB0E2BEFD2}"
EndProject
Global
	GlobalSection(SolutionConfigurationPlatforms) = preSolution
		Debug|Any CPU = Debug|Any CPU
		Release|Any CPU = Release|Any CPU
	EndGlobalSection
	GlobalSection(ProjectConfigurationPlatforms) = postSolution
		{3A9663CA-28CA-4FFF-AC12-F9EB0E2BEFD2}.Debug|Any CPU.ActiveCfg = Debug|Any CPU
		{3A9663CA-28CA-4FFF-AC12-F9EB0E2BEFD2}.Debug|Any CPU.Build.0 = Debug|Any CPU
		{3A9663CA-28CA-4FFF-AC12-F9EB0E2BEFD2}.Release|Any CPU.ActiveCfg = Release|Any CPU
		{3A9663CA-28CA-4FFF-AC12-F9EB0E2BEFD2}.Release|Any CPU.Build.0 = Release|Any CPU
	EndGlobalSection
	GlobalSection(SolutionProperties) = preSolution
		HideSolutionNode = FALSE
	EndGlobalSection
	GlobalSection(ExtensibilityGlobals) = postSolution
		SolutionGuid = {1F76FDB1-C589-4E6C-8C9E-2C4AD489060F}
	EndGlobalSection
EndGlobal
