
Microsoft Visual Studio Solution File, Format Version 12.00
# Visual Studio Version 17
VisualStudioVersion = 17.2.32616.157
MinimumVisualStudioVersion = 10.0.40219.1
Project("{FAE04EC0-301F-11D3-BF4B-00C04F79EFBC}") = "apicallsexamples", "apicallsexamples\apicallsexamples.csproj", "{EFEFCFB9-CBF3-482C-A594-BC281E0862D7}"
EndProject
Project("{FAE04EC0-301F-11D3-BF4B-00C04F79EFBC}") = "exampleapi", "exampleapi\exampleapi.csproj", "{D688400B-9F3C-47A2-AC86-2D20445C68CB}"
EndProject
Global
	GlobalSection(SolutionConfigurationPlatforms) = preSolution
		Debug|Any CPU = Debug|Any CPU
		Release|Any CPU = Release|Any CPU
	EndGlobalSection
	GlobalSection(ProjectConfigurationPlatforms) = postSolution
		{EFEFCFB9-CBF3-482C-A594-BC281E0862D7}.Debug|Any CPU.ActiveCfg = Debug|Any CPU
		{EFEFCFB9-CBF3-482C-A594-BC281E0862D7}.Debug|Any CPU.Build.0 = Debug|Any CPU
		{EFEFCFB9-CBF3-482C-A594-BC281E0862D7}.Release|Any CPU.ActiveCfg = Release|Any CPU
		{EFEFCFB9-CBF3-482C-A594-BC281E0862D7}.Release|Any CPU.Build.0 = Release|Any CPU
		{D688400B-9F3C-47A2-AC86-2D20445C68CB}.Debug|Any CPU.ActiveCfg = Debug|Any CPU
		{D688400B-9F3C-47A2-AC86-2D20445C68CB}.Debug|Any CPU.Build.0 = Debug|Any CPU
		{D688400B-9F3C-47A2-AC86-2D20445C68CB}.Release|Any CPU.ActiveCfg = Release|Any CPU
		{D688400B-9F3C-47A2-AC86-2D20445C68CB}.Release|Any CPU.Build.0 = Release|Any CPU
	EndGlobalSection
	GlobalSection(SolutionProperties) = preSolution
		HideSolutionNode = FALSE
	EndGlobalSection
	GlobalSection(ExtensibilityGlobals) = postSolution
		SolutionGuid = {E3D2A491-43E3-4EAD-8409-75FC55057F30}
	EndGlobalSection
EndGlobal
