
Microsoft Visual Studio Solution File, Format Version 12.00
# Visual Studio Version 17
VisualStudioVersion = 17.2.32519.379
MinimumVisualStudioVersion = 10.0.40219.1
Project("{FAE04EC0-301F-11D3-BF4B-00C04F79EFBC}") = "BlazorApp1", "BlazorApp1\BlazorApp1.csproj", "{9216EC43-382E-4B2A-97E4-123A08003E9B}"
EndProject
Global
	GlobalSection(SolutionConfigurationPlatforms) = preSolution
		Debug|Any CPU = Debug|Any CPU
		Release|Any CPU = Release|Any CPU
	EndGlobalSection
	GlobalSection(ProjectConfigurationPlatforms) = postSolution
		{9216EC43-382E-4B2A-97E4-123A08003E9B}.Debug|Any CPU.ActiveCfg = Debug|Any CPU
		{9216EC43-382E-4B2A-97E4-123A08003E9B}.Debug|Any CPU.Build.0 = Debug|Any CPU
		{9216EC43-382E-4B2A-97E4-123A08003E9B}.Release|Any CPU.ActiveCfg = Release|Any CPU
		{9216EC43-382E-4B2A-97E4-123A08003E9B}.Release|Any CPU.Build.0 = Release|Any CPU
	EndGlobalSection
	GlobalSection(SolutionProperties) = preSolution
		HideSolutionNode = FALSE
	EndGlobalSection
	GlobalSection(ExtensibilityGlobals) = postSolution
		SolutionGuid = {ADC65B3F-DEAE-4FB6-A826-021AB650AA5D}
	EndGlobalSection
EndGlobal
